
Microsoft Visual Studio Solution File, Format Version 12.00
# Visual Studio Version 17
VisualStudioVersion = 17.5.002.0
MinimumVisualStudioVersion = 10.0.40219.1
Project("{9A19103F-16F7-4668-BE54-9A1E7A4F7556}") = "iceland", "iceland\iceland.csproj", "{A4F3C604-921E-44F1-A262-2C07212E48A6}"
EndProject
Project("{FAE04EC0-301F-11D3-BF4B-00C04F79EFBC}") = "console-app", "console-app\console-app.csproj", "{475E7F6D-A624-4B21-B339-83DC7CC0B9D9}"
EndProject
Global
	GlobalSection(SolutionConfigurationPlatforms) = preSolution
		Debug|Any CPU = Debug|Any CPU
		Release|Any CPU = Release|Any CPU
	EndGlobalSection
	GlobalSection(ProjectConfigurationPlatforms) = postSolution
		{A4F3C604-921E-44F1-A262-2C07212E48A6}.Debug|Any CPU.ActiveCfg = Debug|Any CPU
		{A4F3C604-921E-44F1-A262-2C07212E48A6}.Debug|Any CPU.Build.0 = Debug|Any CPU
		{A4F3C604-921E-44F1-A262-2C07212E48A6}.Release|Any CPU.ActiveCfg = Release|Any CPU
		{A4F3C604-921E-44F1-A262-2C07212E48A6}.Release|Any CPU.Build.0 = Release|Any CPU
		{475E7F6D-A624-4B21-B339-83DC7CC0B9D9}.Debug|Any CPU.ActiveCfg = Debug|Any CPU
		{475E7F6D-A624-4B21-B339-83DC7CC0B9D9}.Debug|Any CPU.Build.0 = Debug|Any CPU
		{475E7F6D-A624-4B21-B339-83DC7CC0B9D9}.Release|Any CPU.ActiveCfg = Release|Any CPU
		{475E7F6D-A624-4B21-B339-83DC7CC0B9D9}.Release|Any CPU.Build.0 = Release|Any CPU
	EndGlobalSection
	GlobalSection(SolutionProperties) = preSolution
		HideSolutionNode = FALSE
	EndGlobalSection
	GlobalSection(ExtensibilityGlobals) = postSolution
		SolutionGuid = {2CDB9289-3C1B-4AC5-ACE0-86A5871BD6BE}
	EndGlobalSection
EndGlobal
